PODS:
  - Kingfisher (4.3.0)
  - SwiftyOAuth (1.3)
  - TinyConstraints (3.1.0)

DEPENDENCIES:
  - Kingfisher (from `https://github.com/radianttap/Kingfisher.git`)
  - SwiftyOAuth (from `https://github.com/radianttap/SwiftyOAuth.git`)
  - TinyConstraints

SPEC REPOS:
  https://github.com/CocoaPods/Specs.git:
    - TinyConstraints

EXTERNAL SOURCES:
  Kingfisher:
    :git: https://github.com/radianttap/Kingfisher.git
  SwiftyOAuth:
    :git: https://github.com/radianttap/SwiftyOAuth.git

CHECKOUT OPTIONS:
  Kingfisher:
    :commit: 7ed9c70bc487f8b0bd088a5a49280137d1d366d6
    :git: https://github.com/radianttap/Kingfisher.git
  SwiftyOAuth:
    :commit: ec93b99904e0f18ba420f9ff7dac26b82d0e3fad
    :git: https://github.com/radianttap/SwiftyOAuth.git

SPEC CHECKSUMS:
  Kingfisher: 98f7e4d6ec6cd5bdd96a4ddcb294c6bc775fbc5c
  SwiftyOAuth: e0ab9e52a40ce21521314c25eb53ad232987bb9b
  TinyConstraints: 4721a4b303c799328867078ade6560e152df54d1

PODFILE CHECKSUM: 010f5d157f22c3fa5876e6a4fa20b28ea19871ce

COCOAPODS: 1.5.0
