// !$*UTF8*$!
{
	archiveVersion = 1;
	classes = {
	};
	objectVersion = 50;
	objects = {

/* Begin PBXBuildFile section */
		C2943C7120C959C800EF0789 /* SearchController.swift in Sources */ = {isa = PBXBuildFile; fileRef = C2943C7020C959C800EF0789 /* SearchController.swift */; };
		C2943C7420C95A6E00EF0789 /* ArtistController.swift in Sources */ = {isa = PBXBuildFile; fileRef = C2943C7320C95A6E00EF0789 /* ArtistController.swift */; };
		C2943C7620C95A7F00EF0789 /* ArtistListController.swift in Sources */ = {isa = PBXBuildFile; fileRef = C2943C7520C95A7F00EF0789 /* ArtistListController.swift */; };
		C2943C7820C95B6000EF0789 /* Spotify.swift in Sources */ = {isa = PBXBuildFile; fileRef = C2943C7720C95B6000EF0789 /* Spotify.swift */; };
		C2943C7B20C95D8600EF0789 /* Artist.swift in Sources */ = {isa = PBXBuildFile; fileRef = C2943C7A20C95D8600EF0789 /* Artist.swift */; };
		C2943C7D20C95DDA00EF0789 /* Album.swift in Sources */ = {isa = PBXBuildFile; fileRef = C2943C7C20C95DDA00EF0789 /* Album.swift */; };
		C2943C7F20C95E1900EF0789 /* SearchResult.swift in Sources */ = {isa = PBXBuildFile; fileRef = C2943C7E20C95E1900EF0789 /* SearchResult.swift */; };
		C2943C8120C95F0C00EF0789 /* DataManager.swift in Sources */ = {isa = PBXBuildFile; fileRef = C2943C8020C95F0C00EF0789 /* DataManager.swift */; };
		C2943C8320C9609800EF0789 /* AppDependency.swift in Sources */ = {isa = PBXBuildFile; fileRef = C2943C8220C9609800EF0789 /* AppDependency.swift */; };
		C2943C8520C965AE00EF0789 /* DataError.swift in Sources */ = {isa = PBXBuildFile; fileRef = C2943C8420C965AE00EF0789 /* DataError.swift */; };
		C2E5EE8420C908EE00290198 /* AppDelegate.swift in Sources */ = {isa = PBXBuildFile; fileRef = C2E5EE8320C908EE00290198 /* AppDelegate.swift */; };
		C2E5EE8920C908EE00290198 /* Main.storyboard in Resources */ = {isa = PBXBuildFile; fileRef = C2E5EE8720C908EE00290198 /* Main.storyboard */; };
		C2E5EE8B20C908F500290198 /* Assets.xcassets in Resources */ = {isa = PBXBuildFile; fileRef = C2E5EE8A20C908F500290198 /* Assets.xcassets */; };
		C2E5EE8E20C908F500290198 /* LaunchScreen.storyboard in Resources */ = {isa = PBXBuildFile; fileRef = C2E5EE8C20C908F500290198 /* LaunchScreen.storyboard */; };
/* End PBXBuildFile section */

/* Begin PBXFileReference section */
		C2943C7020C959C800EF0789 /* SearchController.swift */ = {isa = PBXFileReference; lastKnownFileType = sourcecode.swift; path = SearchController.swift; sourceTree = "<group>"; };
		C2943C7320C95A6E00EF0789 /* ArtistController.swift */ = {isa = PBXFileReference; lastKnownFileType = sourcecode.swift; path = ArtistController.swift; sourceTree = "<group>"; };
		C2943C7520C95A7F00EF0789 /* ArtistListController.swift */ = {isa = PBXFileReference; lastKnownFileType = sourcecode.swift; path = ArtistListController.swift; sourceTree = "<group>"; };
		C2943C7720C95B6000EF0789 /* Spotify.swift */ = {isa = PBXFileReference; lastKnownFileType = sourcecode.swift; path = Spotify.swift; sourceTree = "<group>"; };
		C2943C7A20C95D8600EF0789 /* Artist.swift */ = {isa = PBXFileReference; lastKnownFileType = sourcecode.swift; path = Artist.swift; sourceTree = "<group>"; };
		C2943C7C20C95DDA00EF0789 /* Album.swift */ = {isa = PBXFileReference; lastKnownFileType = sourcecode.swift; path = Album.swift; sourceTree = "<group>"; };
		C2943C7E20C95E1900EF0789 /* SearchResult.swift */ = {isa = PBXFileReference; lastKnownFileType = sourcecode.swift; path = SearchResult.swift; sourceTree = "<group>"; };
		C2943C8020C95F0C00EF0789 /* DataManager.swift */ = {isa = PBXFileReference; lastKnownFileType = sourcecode.swift; path = DataManager.swift; sourceTree = "<group>"; };
		C2943C8220C9609800EF0789 /* AppDependency.swift */ = {isa = PBXFileReference; lastKnownFileType = sourcecode.swift; path = AppDependency.swift; sourceTree = "<group>"; };
		C2943C8420C965AE00EF0789 /* DataError.swift */ = {isa = PBXFileReference; lastKnownFileType = sourcecode.swift; path = DataError.swift; sourceTree = "<group>"; };
		C2E5EE8020C908EE00290198 /* Spotifier.app */ = {isa = PBXFileReference; explicitFileType = wrapper.application; includeInIndex = 0; path = Spotifier.app; sourceTree = BUILT_PRODUCTS_DIR; };
		C2E5EE8320C908EE00290198 /* AppDelegate.swift */ = {isa = PBXFileReference; lastKnownFileType = sourcecode.swift; path = AppDelegate.swift; sourceTree = "<group>"; };
		C2E5EE8820C908EE00290198 /* Base */ = {isa = PBXFileReference; lastKnownFileType = file.storyboard; name = Base; path = Base.lproj/Main.storyboard; sourceTree = "<group>"; };
		C2E5EE8A20C908F500290198 /* Assets.xcassets */ = {isa = PBXFileReference; lastKnownFileType = folder.assetcatalog; path = Assets.xcassets; sourceTree = "<group>"; };
		C2E5EE8D20C908F500290198 /* Base */ = {isa = PBXFileReference; lastKnownFileType = file.storyboard; name = Base; path = Base.lproj/LaunchScreen.storyboard; sourceTree = "<group>"; };
		C2E5EE8F20C908F500290198 /* Info.plist */ = {isa = PBXFileReference; lastKnownFileType = text.plist.xml; path = Info.plist; sourceTree = "<group>"; };
/* End PBXFileReference section */

/* Begin PBXFrameworksBuildPhase section */
		C2E5EE7D20C908EE00290198 /* Frameworks */ = {
			isa = PBXFrameworksBuildPhase;
			buildActionMask = 2147483647;
			files = (
			);
			runOnlyForDeploymentPostprocessing = 0;
		};
/* End PBXFrameworksBuildPhase section */

/* Begin PBXGroup section */
		C2943C7220C959EF00EF0789 /* UI */ = {
			isa = PBXGroup;
			children = (
				C2943C7020C959C800EF0789 /* SearchController.swift */,
				C2943C7320C95A6E00EF0789 /* ArtistController.swift */,
				C2943C7520C95A7F00EF0789 /* ArtistListController.swift */,
			);
			path = UI;
			sourceTree = "<group>";
		};
		C2943C7920C95D7B00EF0789 /* DataModel */ = {
			isa = PBXGroup;
			children = (
				C2943C8020C95F0C00EF0789 /* DataManager.swift */,
				C2943C7A20C95D8600EF0789 /* Artist.swift */,
				C2943C7C20C95DDA00EF0789 /* Album.swift */,
				C2943C7E20C95E1900EF0789 /* SearchResult.swift */,
				C2943C8420C965AE00EF0789 /* DataError.swift */,
				C2943C8220C9609800EF0789 /* AppDependency.swift */,
			);
			path = DataModel;
			sourceTree = "<group>";
		};
		C2E5EE7720C908EE00290198 = {
			isa = PBXGroup;
			children = (
				C2E5EE8220C908EE00290198 /* Spotifier */,
				C2E5EE8120C908EE00290198 /* Products */,
			);
			sourceTree = "<group>";
		};
		C2E5EE8120C908EE00290198 /* Products */ = {
			isa = PBXGroup;
			children = (
				C2E5EE8020C908EE00290198 /* Spotifier.app */,
			);
			name = Products;
			sourceTree = "<group>";
		};
		C2E5EE8220C908EE00290198 /* Spotifier */ = {
			isa = PBXGroup;
			children = (
				C2943C7920C95D7B00EF0789 /* DataModel */,
				C2E5EE8320C908EE00290198 /* AppDelegate.swift */,
				C2943C7720C95B6000EF0789 /* Spotify.swift */,
				C2E5EE8720C908EE00290198 /* Main.storyboard */,
				C2943C7220C959EF00EF0789 /* UI */,
				C2E5EE8A20C908F500290198 /* Assets.xcassets */,
				C2E5EE8C20C908F500290198 /* LaunchScreen.storyboard */,
				C2E5EE8F20C908F500290198 /* Info.plist */,
			);
			path = Spotifier;
			sourceTree = "<group>";
		};
/* End PBXGroup section */

/* Begin PBXNativeTarget section */
		C2E5EE7F20C908EE00290198 /* Spotifier */ = {
			isa = PBXNativeTarget;
			buildConfigurationList = C2E5EE9220C908F500290198 /* Build configuration list for PBXNativeTarget "Spotifier" */;
			buildPhases = (
				C2E5EE7C20C908EE00290198 /* Sources */,
				C2E5EE7D20C908EE00290198 /* Frameworks */,
				C2E5EE7E20C908EE00290198 /* Resources */,
			);
			buildRules = (
			);
			dependencies = (
			);
			name = Spotifier;
			productName = Spotifier;
			productReference = C2E5EE8020C908EE00290198 /* Spotifier.app */;
			productType = "com.apple.product-type.application";
		};
/* End PBXNativeTarget section */

/* Begin PBXProject section */
		C2E5EE7820C908EE00290198 /* Project object */ = {
			isa = PBXProject;
			attributes = {
				LastSwiftUpdateCheck = 0940;
				LastUpgradeCheck = 0940;
				ORGANIZATIONNAME = nsiddevelopment;
				TargetAttributes = {
					C2E5EE7F20C908EE00290198 = {
						CreatedOnToolsVersion = 9.4;
					};
				};
			};
			buildConfigurationList = C2E5EE7B20C908EE00290198 /* Build configuration list for PBXProject "Spotifier" */;
			compatibilityVersion = "Xcode 9.3";
			developmentRegion = en;
			hasScannedForEncodings = 0;
			knownRegions = (
				en,
				Base,
			);
			mainGroup = C2E5EE7720C908EE00290198;
			productRefGroup = C2E5EE8120C908EE00290198 /* Products */;
			projectDirPath = "";
			projectRoot = "";
			targets = (
				C2E5EE7F20C908EE00290198 /* Spotifier */,
			);
		};
/* End PBXProject section */

/* Begin PBXResourcesBuildPhase section */
		C2E5EE7E20C908EE00290198 /* Resources */ = {
			isa = PBXResourcesBuildPhase;
			buildActionMask = 2147483647;
			files = (
				C2E5EE8E20C908F500290198 /* LaunchScreen.storyboard in Resources */,
				C2E5EE8B20C908F500290198 /* Assets.xcassets in Resources */,
				C2E5EE8920C908EE00290198 /* Main.storyboard in Resources */,
			);
			runOnlyForDeploymentPostprocessing = 0;
		};
/* End PBXResourcesBuildPhase section */

/* Begin PBXSourcesBuildPhase section */
		C2E5EE7C20C908EE00290198 /* Sources */ = {
			isa = PBXSourcesBuildPhase;
			buildActionMask = 2147483647;
			files = (
				C2943C7B20C95D8600EF0789 /* Artist.swift in Sources */,
				C2943C7620C95A7F00EF0789 /* ArtistListController.swift in Sources */,
				C2943C7F20C95E1900EF0789 /* SearchResult.swift in Sources */,
				C2943C7820C95B6000EF0789 /* Spotify.swift in Sources */,
				C2E5EE8420C908EE00290198 /* AppDelegate.swift in Sources */,
				C2943C7420C95A6E00EF0789 /* ArtistController.swift in Sources */,
				C2943C8320C9609800EF0789 /* AppDependency.swift in Sources */,
				C2943C7D20C95DDA00EF0789 /* Album.swift in Sources */,
				C2943C8520C965AE00EF0789 /* DataError.swift in Sources */,
				C2943C8120C95F0C00EF0789 /* DataManager.swift in Sources */,
				C2943C7120C959C800EF0789 /* SearchController.swift in Sources */,
			);
			runOnlyForDeploymentPostprocessing = 0;
		};
/* End PBXSourcesBuildPhase section */

/* Begin PBXVariantGroup section */
		C2E5EE8720C908EE00290198 /* Main.storyboard */ = {
			isa = PBXVariantGroup;
			children = (
				C2E5EE8820C908EE00290198 /* Base */,
			);
			name = Main.storyboard;
			sourceTree = "<group>";
		};
		C2E5EE8C20C908F500290198 /* LaunchScreen.storyboard */ = {
			isa = PBXVariantGroup;
			children = (
				C2E5EE8D20C908F500290198 /* Base */,
			);
			name = LaunchScreen.storyboard;
			sourceTree = "<group>";
		};
/* End PBXVariantGroup section */

/* Begin XCBuildConfiguration section */
		C2E5EE9020C908F500290198 /* Debug */ = {
			isa = XCBuildConfiguration;
			buildSettings = {
				ALWAYS_SEARCH_USER_PATHS = NO;
				CLANG_ANALYZER_NONNULL = YES;
				CLANG_ANALYZER_NUMBER_OBJECT_CONVERSION = YES_AGGRESSIVE;
				CLANG_CXX_LANGUAGE_STANDARD = "gnu++14";
				CLANG_CXX_LIBRARY = "libc++";
				CLANG_ENABLE_MODULES = YES;
				CLANG_ENABLE_OBJC_ARC = YES;
				CLANG_ENABLE_OBJC_WEAK = YES;
				CLANG_WARN_BLOCK_CAPTURE_AUTORELEASING = YES;
				CLANG_WARN_BOOL_CONVERSION = YES;
				CLANG_WARN_COMMA = YES;
				CLANG_WARN_CONSTANT_CONVERSION = YES;
				CLANG_WARN_DEPRECATED_OBJC_IMPLEMENTATIONS = YES;
				CLANG_WARN_DIRECT_OBJC_ISA_USAGE = YES_ERROR;
				CLANG_WARN_DOCUMENTATION_COMMENTS = YES;
				CLANG_WARN_EMPTY_BODY = YES;
				CLANG_WARN_ENUM_CONVERSION = YES;
				CLANG_WARN_INFINITE_RECURSION = YES;
				CLANG_WARN_INT_CONVERSION = YES;
				CLANG_WARN_NON_LITERAL_NULL_CONVERSION = YES;
				CLANG_WARN_OBJC_IMPLICIT_RETAIN_SELF = YES;
				CLANG_WARN_OBJC_LITERAL_CONVERSION = YES;
				CLANG_WARN_OBJC_ROOT_CLASS = YES_ERROR;
				CLANG_WARN_RANGE_LOOP_ANALYSIS = YES;
				CLANG_WARN_STRICT_PROTOTYPES = YES;
				CLANG_WARN_SUSPICIOUS_MOVE = YES;
				CLANG_WARN_UNGUARDED_AVAILABILITY = YES_AGGRESSIVE;
				CLANG_WARN_UNREACHABLE_CODE = YES;
				CLANG_WARN__DUPLICATE_METHOD_MATCH = YES;
				CODE_SIGN_IDENTITY = "iPhone Developer";
				COPY_PHASE_STRIP = NO;
				DEBUG_INFORMATION_FORMAT = dwarf;
				ENABLE_STRICT_OBJC_MSGSEND = YES;
				ENABLE_TESTABILITY = YES;
				GCC_C_LANGUAGE_STANDARD = gnu11;
				GCC_DYNAMIC_NO_PIC = NO;
				GCC_NO_COMMON_BLOCKS = YES;
				GCC_OPTIMIZATION_LEVEL = 0;
				GCC_PREPROCESSOR_DEFINITIONS = (
					"DEBUG=1",
					"$(inherited)",
				);
				GCC_WARN_64_TO_32_BIT_CONVERSION = YES;
				GCC_WARN_ABOUT_RETURN_TYPE = YES_ERROR;
				GCC_WARN_UNDECLARED_SELECTOR = YES;
				GCC_WARN_UNINITIALIZED_AUTOS = YES_AGGRESSIVE;
				GCC_WARN_UNUSED_FUNCTION = YES;
				GCC_WARN_UNUSED_VARIABLE = YES;
				IPHONEOS_DEPLOYMENT_TARGET = 11.4;
				MTL_ENABLE_DEBUG_INFO = YES;
				ONLY_ACTIVE_ARCH = YES;
				SDKROOT = iphoneos;
				SWIFT_ACTIVE_COMPILATION_CONDITIONS = DEBUG;
				SWIFT_OPTIMIZATION_LEVEL = "-Onone";
			};
			name = Debug;
		};
		C2E5EE9120C908F500290198 /* Release */ = {
			isa = XCBuildConfiguration;
			buildSettings = {
				ALWAYS_SEARCH_USER_PATHS = NO;
				CLANG_ANALYZER_NONNULL = YES;
				CLANG_ANALYZER_NUMBER_OBJECT_CONVERSION = YES_AGGRESSIVE;
				CLANG_CXX_LANGUAGE_STANDARD = "gnu++14";
				CLANG_CXX_LIBRARY = "libc++";
				CLANG_ENABLE_MODULES = YES;
				CLANG_ENABLE_OBJC_ARC = YES;
				CLANG_ENABLE_OBJC_WEAK = YES;
				CLANG_WARN_BLOCK_CAPTURE_AUTORELEASING = YES;
				CLANG_WARN_BOOL_CONVERSION = YES;
				CLANG_WARN_COMMA = YES;
				CLANG_WARN_CONSTANT_CONVERSION = YES;
				CLANG_WARN_DEPRECATED_OBJC_IMPLEMENTATIONS = YES;
				CLANG_WARN_DIRECT_OBJC_ISA_USAGE = YES_ERROR;
				CLANG_WARN_DOCUMENTATION_COMMENTS = YES;
				CLANG_WARN_EMPTY_BODY = YES;
				CLANG_WARN_ENUM_CONVERSION = YES;
				CLANG_WARN_INFINITE_RECURSION = YES;
				CLANG_WARN_INT_CONVERSION = YES;
				CLANG_WARN_NON_LITERAL_NULL_CONVERSION = YES;
				CLANG_WARN_OBJC_IMPLICIT_RETAIN_SELF = YES;
				CLANG_WARN_OBJC_LITERAL_CONVERSION = YES;
				CLANG_WARN_OBJC_ROOT_CLASS = YES_ERROR;
				CLANG_WARN_RANGE_LOOP_ANALYSIS = YES;
				CLANG_WARN_STRICT_PROTOTYPES = YES;
				CLANG_WARN_SUSPICIOUS_MOVE = YES;
				CLANG_WARN_UNGUARDED_AVAILABILITY = YES_AGGRESSIVE;
				CLANG_WARN_UNREACHABLE_CODE = YES;
				CLANG_WARN__DUPLICATE_METHOD_MATCH = YES;
				CODE_SIGN_IDENTITY = "iPhone Developer";
				COPY_PHASE_STRIP = NO;
				DEBUG_INFORMATION_FORMAT = "dwarf-with-dsym";
				ENABLE_NS_ASSERTIONS = NO;
				ENABLE_STRICT_OBJC_MSGSEND = YES;
				GCC_C_LANGUAGE_STANDARD = gnu11;
				GCC_NO_COMMON_BLOCKS = YES;
				GCC_WARN_64_TO_32_BIT_CONVERSION = YES;
				GCC_WARN_ABOUT_RETURN_TYPE = YES_ERROR;
				GCC_WARN_UNDECLARED_SELECTOR = YES;
				GCC_WARN_UNINITIALIZED_AUTOS = YES_AGGRESSIVE;
				GCC_WARN_UNUSED_FUNCTION = YES;
				GCC_WARN_UNUSED_VARIABLE = YES;
				IPHONEOS_DEPLOYMENT_TARGET = 11.4;
				MTL_ENABLE_DEBUG_INFO = NO;
				SDKROOT = iphoneos;
				SWIFT_COMPILATION_MODE = wholemodule;
				SWIFT_OPTIMIZATION_LEVEL = "-O";
				VALIDATE_PRODUCT = YES;
			};
			name = Release;
		};
		C2E5EE9320C908F500290198 /* Debug */ = {
			isa = XCBuildConfiguration;
			buildSettings = {
				ASSETCATALOG_COMPILER_APPICON_NAME = AppIcon;
				CODE_SIGN_STYLE = Automatic;
				DEVELOPMENT_TEAM = Q4KMZUSUN5;
				INFOPLIST_FILE = Spotifier/Info.plist;
				LD_RUNPATH_SEARCH_PATHS = (
					"$(inherited)",
					"@executable_path/Frameworks",
				);
				PRODUCT_BUNDLE_IDENTIFIER = com.NSIDDevelopment.Spotifier;
				PRODUCT_NAME = "$(TARGET_NAME)";
				SWIFT_VERSION = 4.0;
				TARGETED_DEVICE_FAMILY = "1,2";
			};
			name = Debug;
		};
		C2E5EE9420C908F500290198 /* Release */ = {
			isa = XCBuildConfiguration;
			buildSettings = {
				ASSETCATALOG_COMPILER_APPICON_NAME = AppIcon;
				CODE_SIGN_STYLE = Automatic;
				DEVELOPMENT_TEAM = Q4KMZUSUN5;
				INFOPLIST_FILE = Spotifier/Info.plist;
				LD_RUNPATH_SEARCH_PATHS = (
					"$(inherited)",
					"@executable_path/Frameworks",
				);
				PRODUCT_BUNDLE_IDENTIFIER = com.NSIDDevelopment.Spotifier;
				PRODUCT_NAME = "$(TARGET_NAME)";
				SWIFT_VERSION = 4.0;
				TARGETED_DEVICE_FAMILY = "1,2";
			};
			name = Release;
		};
/* End XCBuildConfiguration section */

/* Begin XCConfigurationList section */
		C2E5EE7B20C908EE00290198 /* Build configuration list for PBXProject "Spotifier" */ = {
			isa = XCConfigurationList;
			buildConfigurations = (
				C2E5EE9020C908F500290198 /* Debug */,
				C2E5EE9120C908F500290198 /* Release */,
			);
			defaultConfigurationIsVisible = 0;
			defaultConfigurationName = Release;
		};
		C2E5EE9220C908F500290198 /* Build configuration list for PBXNativeTarget "Spotifier" */ = {
			isa = XCConfigurationList;
			buildConfigurations = (
				C2E5EE9320C908F500290198 /* Debug */,
				C2E5EE9420C908F500290198 /* Release */,
			);
			defaultConfigurationIsVisible = 0;
			defaultConfigurationName = Release;
		};
/* End XCConfigurationList section */
	};
	rootObject = C2E5EE7820C908EE00290198 /* Project object */;
}
